# This file is automatically @generated by Cargo.
# It is not intended for manual editing.
version = 3

[[package]]
name = "autocfg"
version = "1.1.0"
source = "registry+https://github.com/rust-lang/crates.io-index"
checksum = "d468802bab17cbc0cc575e9b053f41e72aa36bfa6b7f55e3529ffa43161b97fa"

[[package]]
name = "capnp"
version = "0.14.8"
source = "registry+https://github.com/rust-lang/crates.io-index"
checksum = "82efa3b0ab5e7e32b786334b052560ec0094135f906975d7481651b9ecf31a6a"

[[package]]
name = "capnp-futures"
version = "0.14.1"
source = "registry+https://github.com/rust-lang/crates.io-index"
checksum = "4a15248c8facb189a3c5fee74fbf1ff3adc134261d27da663b89c7d19ebaf983"
dependencies = [
 "capnp",
 "futures",
]

[[package]]
name = "capnp-rpc"
version = "0.14.1"
source = "registry+https://github.com/rust-lang/crates.io-index"
checksum = "4c4f17f96f68f2c1168ed7105d9e5cb4a095a5bef3578aee0f9c0644b85ca95e"
dependencies = [
 "capnp",
 "capnp-futures",
 "futures",
]

[[package]]
name = "capnpc"
version = "0.14.9"
source = "registry+https://github.com/rust-lang/crates.io-index"
checksum = "bdc9f1dc84666d4ff007b1a16c8f97db80764a624625979be05d869bcff43aaa"
dependencies = [
 "capnp",
]

[[package]]
name = "futures"
version = "0.3.23"
source = "registry+https://github.com/rust-lang/crates.io-index"
checksum = "ab30e97ab6aacfe635fad58f22c2bb06c8b685f7421eb1e064a729e2a5f481fa"
dependencies = [
 "futures-channel",
 "futures-core",
 "futures-io",
 "futures-sink",
 "futures-task",
 "futures-util",
]

[[package]]
name = "futures-channel"
version = "0.3.23"
source = "registry+https://github.com/rust-lang/crates.io-index"
checksum = "2bfc52cbddcfd745bf1740338492bb0bd83d76c67b445f91c5fb29fae29ecaa1"
dependencies = [
 "futures-core",
 "futures-sink",
]

[[package]]
name = "futures-core"
version = "0.3.23"
source = "registry+https://github.com/rust-lang/crates.io-index"
checksum = "d2acedae88d38235936c3922476b10fced7b2b68136f5e3c03c2d5be348a1115"

[[package]]
name = "futures-io"
version = "0.3.23"
source = "registry+https://github.com/rust-lang/crates.io-index"
checksum = "93a66fc6d035a26a3ae255a6d2bca35eda63ae4c5512bef54449113f7a1228e5"

[[package]]
name = "futures-sink"
version = "0.3.23"
source = "registry+https://github.com/rust-lang/crates.io-index"
checksum = "ca0bae1fe9752cf7fd9b0064c674ae63f97b37bc714d745cbde0afb7ec4e6765"

[[package]]
name = "futures-task"
version = "0.3.23"
source = "registry+https://github.com/rust-lang/crates.io-index"
checksum = "842fc63b931f4056a24d59de13fb1272134ce261816e063e634ad0c15cdc5306"

[[package]]
name = "futures-util"
version = "0.3.23"
source = "registry+https://github.com/rust-lang/crates.io-index"
checksum = "f0828a5471e340229c11c77ca80017937ce3c58cb788a17e5f1c2d5c485a9577"
dependencies = [
 "futures-channel",
 "futures-core",
 "futures-io",
 "futures-sink",
 "futures-task",
 "memchr",
 "pin-project-lite",
 "pin-utils",
 "slab",
]

[[package]]
name = "memchr"
version = "2.5.0"
source = "registry+https://github.com/rust-lang/crates.io-index"
checksum = "2dffe52ecf27772e601905b7522cb4ef790d2cc203488bbd0e2fe85fcb74566d"

[[package]]
name = "pin-project-lite"
version = "0.2.9"
source = "registry+https://github.com/rust-lang/crates.io-index"
checksum = "e0a7ae3ac2f1173085d398531c705756c94a4c56843785df85a60c1a0afac116"

[[package]]
name = "pin-utils"
version = "0.1.0"
source = "registry+https://github.com/rust-lang/crates.io-index"
checksum = "8b870d8c151b6f2fb93e84a13146138f05d02ed11c7e7c54f8826aaaf7c9f184"

[[package]]
name = "slab"
version = "0.4.7"
source = "registry+https://github.com/rust-lang/crates.io-index"
checksum = "4614a76b2a8be0058caa9dbbaf66d988527d86d003c11a94fbd335d7661edcef"
dependencies = [
 "autocfg",
]

[[package]]
name = "snafu-rs"
version = "0.1.0"
dependencies = [
 "capnp-rpc",
 "capnpc",
]
